
Microsoft Visual Studio Solution File, Format Version 12.00
# Visual Studio Version 17
VisualStudioVersion = 17.8.34309.116
MinimumVisualStudioVersion = 10.0.40219.1
Project("{FAE04EC0-301F-11D3-BF4B-00C04F79EFBC}") = "View", "View\View.csproj", "{40DB9D82-5FBF-4465-BE2C-F155BB47F3EA}"
EndProject
Project("{FAE04EC0-301F-11D3-BF4B-00C04F79EFBC}") = "Model", "Model\Model.csproj", "{CF093B4D-F90F-43E0-9C36-47D2ED196185}"
EndProject
Project("{FAE04EC0-301F-11D3-BF4B-00C04F79EFBC}") = "ViewModel", "ViewModel\ViewModel.csproj", "{05D59EFF-B953-4817-9779-048A08158E5D}"
EndProject
Global
	GlobalSection(SolutionConfigurationPlatforms) = preSolution
		Debug|Any CPU = Debug|Any CPU
		Release|Any CPU = Release|Any CPU
	EndGlobalSection
	GlobalSection(ProjectConfigurationPlatforms) = postSolution
		{40DB9D82-5FBF-4465-BE2C-F155BB47F3EA}.Debug|Any CPU.ActiveCfg = Debug|Any CPU
		{40DB9D82-5FBF-4465-BE2C-F155BB47F3EA}.Debug|Any CPU.Build.0 = Debug|Any CPU
		{40DB9D82-5FBF-4465-BE2C-F155BB47F3EA}.Release|Any CPU.ActiveCfg = Release|Any CPU
		{40DB9D82-5FBF-4465-BE2C-F155BB47F3EA}.Release|Any CPU.Build.0 = Release|Any CPU
		{CF093B4D-F90F-43E0-9C36-47D2ED196185}.Debug|Any CPU.ActiveCfg = Debug|Any CPU
		{CF093B4D-F90F-43E0-9C36-47D2ED196185}.Debug|Any CPU.Build.0 = Debug|Any CPU
		{CF093B4D-F90F-43E0-9C36-47D2ED196185}.Release|Any CPU.ActiveCfg = Release|Any CPU
		{CF093B4D-F90F-43E0-9C36-47D2ED196185}.Release|Any CPU.Build.0 = Release|Any CPU
		{05D59EFF-B953-4817-9779-048A08158E5D}.Debug|Any CPU.ActiveCfg = Debug|Any CPU
		{05D59EFF-B953-4817-9779-048A08158E5D}.Debug|Any CPU.Build.0 = Debug|Any CPU
		{05D59EFF-B953-4817-9779-048A08158E5D}.Release|Any CPU.ActiveCfg = Release|Any CPU
		{05D59EFF-B953-4817-9779-048A08158E5D}.Release|Any CPU.Build.0 = Release|Any CPU
	EndGlobalSection
	GlobalSection(SolutionProperties) = preSolution
		HideSolutionNode = FALSE
	EndGlobalSection
	GlobalSection(ExtensibilityGlobals) = postSolution
		SolutionGuid = {B0FBFA76-5A84-4E5F-8AA9-3EFACE100F24}
	EndGlobalSection
EndGlobal
